
Microsoft Visual Studio Solution File, Format Version 12.00
# Visual Studio Version 16
VisualStudioVersion = 16.6.30114.105
MinimumVisualStudioVersion = 10.0.40219.1
Project("{FAE04EC0-301F-11D3-BF4B-00C04F79EFBC}") = "Penguin.Extensions.Collections.Local", "Penguin.Extensions.Collections.Local.csproj", "{6FE3647D-FF11-4D63-B7E5-7B1B26E34A31}"
EndProject
Project("{FAE04EC0-301F-11D3-BF4B-00C04F79EFBC}") = "Penguin.Reflection.Extensions.Local", "..\Penguin.Reflection.Extensions\Penguin.Reflection.Extensions.Local.csproj", "{0916EC34-134A-4C8D-80E2-56775586E034}"
EndProject
Project("{FAE04EC0-301F-11D3-BF4B-00C04F79EFBC}") = "Penguin.Reflection.Abstractions.Local", "..\Penguin.Reflection.Abstractions\Penguin.Reflection.Abstractions.Local.csproj", "{B6DE711E-193F-405D-9ED2-AC54734EE272}"
EndProject
Project("{FAE04EC0-301F-11D3-BF4B-00C04F79EFBC}") = "Penguin.Extensions.String.Local", "..\Penguin.Extensions.String\Penguin.Extensions.String.Local.csproj", "{B617369E-DE9C-4FE3-A4C4-EE78FF5F96A3}"
EndProject
Global
	GlobalSection(SolutionConfigurationPlatforms) = preSolution
		Debug|Any CPU = Debug|Any CPU
		Debug|x64 = Debug|x64
		Debug|x86 = Debug|x86
		Release|Any CPU = Release|Any CPU
		Release|x64 = Release|x64
		Release|x86 = Release|x86
	EndGlobalSection
	GlobalSection(SolutionProperties) = preSolution
		HideSolutionNode = FALSE
	EndGlobalSection
	GlobalSection(ProjectConfigurationPlatforms) = postSolution
		{6FE3647D-FF11-4D63-B7E5-7B1B26E34A31}.Debug|Any CPU.ActiveCfg = Debug|Any CPU
		{6FE3647D-FF11-4D63-B7E5-7B1B26E34A31}.Debug|Any CPU.Build.0 = Debug|Any CPU
		{6FE3647D-FF11-4D63-B7E5-7B1B26E34A31}.Debug|x64.ActiveCfg = Debug|Any CPU
		{6FE3647D-FF11-4D63-B7E5-7B1B26E34A31}.Debug|x64.Build.0 = Debug|Any CPU
		{6FE3647D-FF11-4D63-B7E5-7B1B26E34A31}.Debug|x86.ActiveCfg = Debug|Any CPU
		{6FE3647D-FF11-4D63-B7E5-7B1B26E34A31}.Debug|x86.Build.0 = Debug|Any CPU
		{6FE3647D-FF11-4D63-B7E5-7B1B26E34A31}.Release|Any CPU.ActiveCfg = Release|Any CPU
		{6FE3647D-FF11-4D63-B7E5-7B1B26E34A31}.Release|Any CPU.Build.0 = Release|Any CPU
		{6FE3647D-FF11-4D63-B7E5-7B1B26E34A31}.Release|x64.ActiveCfg = Release|Any CPU
		{6FE3647D-FF11-4D63-B7E5-7B1B26E34A31}.Release|x64.Build.0 = Release|Any CPU
		{6FE3647D-FF11-4D63-B7E5-7B1B26E34A31}.Release|x86.ActiveCfg = Release|Any CPU
		{6FE3647D-FF11-4D63-B7E5-7B1B26E34A31}.Release|x86.Build.0 = Release|Any CPU
		{0916EC34-134A-4C8D-80E2-56775586E034}.Debug|Any CPU.ActiveCfg = Debug|Any CPU
		{0916EC34-134A-4C8D-80E2-56775586E034}.Debug|Any CPU.Build.0 = Debug|Any CPU
		{0916EC34-134A-4C8D-80E2-56775586E034}.Debug|x64.ActiveCfg = Debug|Any CPU
		{0916EC34-134A-4C8D-80E2-56775586E034}.Debug|x64.Build.0 = Debug|Any CPU
		{0916EC34-134A-4C8D-80E2-56775586E034}.Debug|x86.ActiveCfg = Debug|Any CPU
		{0916EC34-134A-4C8D-80E2-56775586E034}.Debug|x86.Build.0 = Debug|Any CPU
		{0916EC34-134A-4C8D-80E2-56775586E034}.Release|Any CPU.ActiveCfg = Release|Any CPU
		{0916EC34-134A-4C8D-80E2-56775586E034}.Release|Any CPU.Build.0 = Release|Any CPU
		{0916EC34-134A-4C8D-80E2-56775586E034}.Release|x64.ActiveCfg = Release|Any CPU
		{0916EC34-134A-4C8D-80E2-56775586E034}.Release|x64.Build.0 = Release|Any CPU
		{0916EC34-134A-4C8D-80E2-56775586E034}.Release|x86.ActiveCfg = Release|Any CPU
		{0916EC34-134A-4C8D-80E2-56775586E034}.Release|x86.Build.0 = Release|Any CPU
		{B6DE711E-193F-405D-9ED2-AC54734EE272}.Debug|Any CPU.ActiveCfg = Debug|Any CPU
		{B6DE711E-193F-405D-9ED2-AC54734EE272}.Debug|Any CPU.Build.0 = Debug|Any CPU
		{B6DE711E-193F-405D-9ED2-AC54734EE272}.Debug|x64.ActiveCfg = Debug|Any CPU
		{B6DE711E-193F-405D-9ED2-AC54734EE272}.Debug|x64.Build.0 = Debug|Any CPU
		{B6DE711E-193F-405D-9ED2-AC54734EE272}.Debug|x86.ActiveCfg = Debug|Any CPU
		{B6DE711E-193F-405D-9ED2-AC54734EE272}.Debug|x86.Build.0 = Debug|Any CPU
		{B6DE711E-193F-405D-9ED2-AC54734EE272}.Release|Any CPU.ActiveCfg = Release|Any CPU
		{B6DE711E-193F-405D-9ED2-AC54734EE272}.Release|Any CPU.Build.0 = Release|Any CPU
		{B6DE711E-193F-405D-9ED2-AC54734EE272}.Release|x64.ActiveCfg = Release|Any CPU
		{B6DE711E-193F-405D-9ED2-AC54734EE272}.Release|x64.Build.0 = Release|Any CPU
		{B6DE711E-193F-405D-9ED2-AC54734EE272}.Release|x86.ActiveCfg = Release|Any CPU
		{B6DE711E-193F-405D-9ED2-AC54734EE272}.Release|x86.Build.0 = Release|Any CPU
		{B617369E-DE9C-4FE3-A4C4-EE78FF5F96A3}.Debug|Any CPU.ActiveCfg = Debug|Any CPU
		{B617369E-DE9C-4FE3-A4C4-EE78FF5F96A3}.Debug|Any CPU.Build.0 = Debug|Any CPU
		{B617369E-DE9C-4FE3-A4C4-EE78FF5F96A3}.Debug|x64.ActiveCfg = Debug|Any CPU
		{B617369E-DE9C-4FE3-A4C4-EE78FF5F96A3}.Debug|x64.Build.0 = Debug|Any CPU
		{B617369E-DE9C-4FE3-A4C4-EE78FF5F96A3}.Debug|x86.ActiveCfg = Debug|Any CPU
		{B617369E-DE9C-4FE3-A4C4-EE78FF5F96A3}.Debug|x86.Build.0 = Debug|Any CPU
		{B617369E-DE9C-4FE3-A4C4-EE78FF5F96A3}.Release|Any CPU.ActiveCfg = Release|Any CPU
		{B617369E-DE9C-4FE3-A4C4-EE78FF5F96A3}.Release|Any CPU.Build.0 = Release|Any CPU
		{B617369E-DE9C-4FE3-A4C4-EE78FF5F96A3}.Release|x64.ActiveCfg = Release|Any CPU
		{B617369E-DE9C-4FE3-A4C4-EE78FF5F96A3}.Release|x64.Build.0 = Release|Any CPU
		{B617369E-DE9C-4FE3-A4C4-EE78FF5F96A3}.Release|x86.ActiveCfg = Release|Any CPU
		{B617369E-DE9C-4FE3-A4C4-EE78FF5F96A3}.Release|x86.Build.0 = Release|Any CPU
	EndGlobalSection
EndGlobal
