
Microsoft Visual Studio Solution File, Format Version 12.00
# Visual Studio Version 16
VisualStudioVersion = 16.0.29215.179
MinimumVisualStudioVersion = 10.0.40219.1
Project("{9A19103F-16F7-4668-BE54-9A1E7A4F7556}") = "Penguin.Extensions.Collections", "Penguin.Extensions.Collections.csproj", "{A7CE8154-0D11-434D-9726-F3C84224928A}"
EndProject
Global
	GlobalSection(SolutionConfigurationPlatforms) = preSolution
		Debug|Any CPU = Debug|Any CPU
		Release|Any CPU = Release|Any CPU
	EndGlobalSection
	GlobalSection(ProjectConfigurationPlatforms) = postSolution
		{A7CE8154-0D11-434D-9726-F3C84224928A}.Debug|Any CPU.ActiveCfg = Debug|Any CPU
		{A7CE8154-0D11-434D-9726-F3C84224928A}.Debug|Any CPU.Build.0 = Debug|Any CPU
		{A7CE8154-0D11-434D-9726-F3C84224928A}.Release|Any CPU.ActiveCfg = Release|Any CPU
		{A7CE8154-0D11-434D-9726-F3C84224928A}.Release|Any CPU.Build.0 = Release|Any CPU
	EndGlobalSection
	GlobalSection(SolutionProperties) = preSolution
		HideSolutionNode = FALSE
	EndGlobalSection
	GlobalSection(ExtensibilityGlobals) = postSolution
		SolutionGuid = {1BEB6719-F652-4548-B80B-9480888D4103}
	EndGlobalSection
EndGlobal
